
Microsoft Visual Studio Solution File, Format Version 12.00
# Visual Studio Version 16
VisualStudioVersion = 16.0.31410.357
MinimumVisualStudioVersion = 10.0.40219.1
Project("{9A19103F-16F7-4668-BE54-9A1E7A4F7556}") = "Arbol", "Arbol\Arbol.csproj", "{4A8E4843-1940-4754-BB4A-161B128B4617}"
EndProject
Project("{FAE04EC0-301F-11D3-BF4B-00C04F79EFBC}") = "Arbol2", "Arbol2\Arbol2.csproj", "{FC323A3A-3BA1-4849-ABD7-53B0532CC588}"
EndProject
Global
	GlobalSection(SolutionConfigurationPlatforms) = preSolution
		Debug|Any CPU = Debug|Any CPU
		Release|Any CPU = Release|Any CPU
	EndGlobalSection
	GlobalSection(ProjectConfigurationPlatforms) = postSolution
		{4A8E4843-1940-4754-BB4A-161B128B4617}.Debug|Any CPU.ActiveCfg = Debug|Any CPU
		{4A8E4843-1940-4754-BB4A-161B128B4617}.Debug|Any CPU.Build.0 = Debug|Any CPU
		{4A8E4843-1940-4754-BB4A-161B128B4617}.Release|Any CPU.ActiveCfg = Release|Any CPU
		{4A8E4843-1940-4754-BB4A-161B128B4617}.Release|Any CPU.Build.0 = Release|Any CPU
		{FC323A3A-3BA1-4849-ABD7-53B0532CC588}.Debug|Any CPU.ActiveCfg = Debug|Any CPU
		{FC323A3A-3BA1-4849-ABD7-53B0532CC588}.Debug|Any CPU.Build.0 = Debug|Any CPU
		{FC323A3A-3BA1-4849-ABD7-53B0532CC588}.Release|Any CPU.ActiveCfg = Release|Any CPU
		{FC323A3A-3BA1-4849-ABD7-53B0532CC588}.Release|Any CPU.Build.0 = Release|Any CPU
	EndGlobalSection
	GlobalSection(SolutionProperties) = preSolution
		HideSolutionNode = FALSE
	EndGlobalSection
	GlobalSection(ExtensibilityGlobals) = postSolution
		SolutionGuid = {C2B089ED-142E-4BD7-86F9-BD65309A0E3C}
	EndGlobalSection
EndGlobal
